// !$*UTF8*$!
{
	archiveVersion = 1;
	classes = {
	};
	objectVersion = 50;
	objects = {

/* Begin PBXBuildFile section */
		011E1D0622D0F68C007E2609 /* AppDelegate.swift in Sources */ = {isa = PBXBuildFile; fileRef = 011E1D0522D0F68C007E2609 /* AppDelegate.swift */; };
		011E1D0822D0F68C007E2609 /* ViewController.swift in Sources */ = {isa = PBXBuildFile; fileRef = 011E1D0722D0F68C007E2609 /* ViewController.swift */; };
		011E1D0B22D0F68C007E2609 /* Main.storyboard in Resources */ = {isa = PBXBuildFile; fileRef = 011E1D0922D0F68C007E2609 /* Main.storyboard */; };
		011E1D0E22D0F68C007E2609 /* _Do.xcdatamodeld in Sources */ = {isa = PBXBuildFile; fileRef = 011E1D0C22D0F68C007E2609 /* _Do.xcdatamodeld */; };
		011E1D1022D0F68E007E2609 /* Assets.xcassets in Resources */ = {isa = PBXBuildFile; fileRef = 011E1D0F22D0F68E007E2609 /* Assets.xcassets */; };
		011E1D1322D0F68E007E2609 /* LaunchScreen.storyboard in Resources */ = {isa = PBXBuildFile; fileRef = 011E1D1122D0F68E007E2609 /* LaunchScreen.storyboard */; };
		011E1D2022D10419007E2609 /* TaskCell.swift in Sources */ = {isa = PBXBuildFile; fileRef = 011E1D1E22D10419007E2609 /* TaskCell.swift */; };
		011E1D2122D10419007E2609 /* TaskCell.xib in Resources */ = {isa = PBXBuildFile; fileRef = 011E1D1F22D10419007E2609 /* TaskCell.xib */; };
		011E1D2522D10A63007E2609 /* NewTaskController.swift in Sources */ = {isa = PBXBuildFile; fileRef = 011E1D2422D10A63007E2609 /* NewTaskController.swift */; };
		011E1D2722D1257B007E2609 /* ToDoTask.swift in Sources */ = {isa = PBXBuildFile; fileRef = 011E1D2622D1257B007E2609 /* ToDoTask.swift */; };
		01BCB1AB22D1F46A00F10A58 /* EditTaskController.swift in Sources */ = {isa = PBXBuildFile; fileRef = 01BCB1AA22D1F46A00F10A58 /* EditTaskController.swift */; };
/* End PBXBuildFile section */

/* Begin PBXFileReference section */
		011E1D0222D0F68C007E2609 /* 2Do.app */ = {isa = PBXFileReference; explicitFileType = wrapper.application; includeInIndex = 0; path = 2Do.app; sourceTree = BUILT_PRODUCTS_DIR; };
		011E1D0522D0F68C007E2609 /* AppDelegate.swift */ = {isa = PBXFileReference; lastKnownFileType = sourcecode.swift; path = AppDelegate.swift; sourceTree = "<group>"; };
		011E1D0722D0F68C007E2609 /* ViewController.swift */ = {isa = PBXFileReference; lastKnownFileType = sourcecode.swift; path = ViewController.swift; sourceTree = "<group>"; };
		011E1D0A22D0F68C007E2609 /* Base */ = {isa = PBXFileReference; lastKnownFileType = file.storyboard; name = Base; path = Base.lproj/Main.storyboard; sourceTree = "<group>"; };
		011E1D0D22D0F68C007E2609 /* _Do.xcdatamodel */ = {isa = PBXFileReference; lastKnownFileType = wrapper.xcdatamodel; path = _Do.xcdatamodel; sourceTree = "<group>"; };
		011E1D0F22D0F68E007E2609 /* Assets.xcassets */ = {isa = PBXFileReference; lastKnownFileType = folder.assetcatalog; path = Assets.xcassets; sourceTree = "<group>"; };
		011E1D1222D0F68E007E2609 /* Base */ = {isa = PBXFileReference; lastKnownFileType = file.storyboard; name = Base; path = Base.lproj/LaunchScreen.storyboard; sourceTree = "<group>"; };
		011E1D1422D0F68E007E2609 /* Info.plist */ = {isa = PBXFileReference; lastKnownFileType = text.plist.xml; path = Info.plist; sourceTree = "<group>"; };
		011E1D1E22D10419007E2609 /* TaskCell.swift */ = {isa = PBXFileReference; lastKnownFileType = sourcecode.swift; path = TaskCell.swift; sourceTree = "<group>"; };
		011E1D1F22D10419007E2609 /* TaskCell.xib */ = {isa = PBXFileReference; lastKnownFileType = file.xib; path = TaskCell.xib; sourceTree = "<group>"; };
		011E1D2422D10A63007E2609 /* NewTaskController.swift */ = {isa = PBXFileReference; lastKnownFileType = sourcecode.swift; path = NewTaskController.swift; sourceTree = "<group>"; };
		011E1D2622D1257B007E2609 /* ToDoTask.swift */ = {isa = PBXFileReference; lastKnownFileType = sourcecode.swift; path = ToDoTask.swift; sourceTree = "<group>"; };
		01BCB1AA22D1F46A00F10A58 /* EditTaskController.swift */ = {isa = PBXFileReference; lastKnownFileType = sourcecode.swift; path = EditTaskController.swift; sourceTree = "<group>"; };
/* End PBXFileReference section */

/* Begin PBXFrameworksBuildPhase section */
		011E1CFF22D0F68C007E2609 /* Frameworks */ = {
			isa = PBXFrameworksBuildPhase;
			buildActionMask = 2147483647;
			files = (
			);
			runOnlyForDeploymentPostprocessing = 0;
		};
/* End PBXFrameworksBuildPhase section */

/* Begin PBXGroup section */
		011E1CF922D0F68C007E2609 = {
			isa = PBXGroup;
			children = (
				011E1D0422D0F68C007E2609 /* 2Do */,
				011E1D0322D0F68C007E2609 /* Products */,
			);
			sourceTree = "<group>";
		};
		011E1D0322D0F68C007E2609 /* Products */ = {
			isa = PBXGroup;
			children = (
				011E1D0222D0F68C007E2609 /* 2Do.app */,
			);
			name = Products;
			sourceTree = "<group>";
		};
		011E1D0422D0F68C007E2609 /* 2Do */ = {
			isa = PBXGroup;
			children = (
				011E1D1D22D1013F007E2609 /* SupportFiles */,
				011E1D1C22D1010F007E2609 /* Controller */,
				011E1D1B22D10107007E2609 /* View */,
				011E1D1A22D10100007E2609 /* Model */,
			);
			path = 2Do;
			sourceTree = "<group>";
		};
		011E1D1A22D10100007E2609 /* Model */ = {
			isa = PBXGroup;
			children = (
				011E1D2622D1257B007E2609 /* ToDoTask.swift */,
				011E1D0C22D0F68C007E2609 /* _Do.xcdatamodeld */,
			);
			path = Model;
			sourceTree = "<group>";
		};
		011E1D1B22D10107007E2609 /* View */ = {
			isa = PBXGroup;
			children = (
				011E1D0922D0F68C007E2609 /* Main.storyboard */,
				011E1D1F22D10419007E2609 /* TaskCell.xib */,
				011E1D1122D0F68E007E2609 /* LaunchScreen.storyboard */,
			);
			path = View;
			sourceTree = "<group>";
		};
		011E1D1C22D1010F007E2609 /* Controller */ = {
			isa = PBXGroup;
			children = (
				011E1D0722D0F68C007E2609 /* ViewController.swift */,
				01BCB1AA22D1F46A00F10A58 /* EditTaskController.swift */,
				011E1D1E22D10419007E2609 /* TaskCell.swift */,
				011E1D2422D10A63007E2609 /* NewTaskController.swift */,
			);
			path = Controller;
			sourceTree = "<group>";
		};
		011E1D1D22D1013F007E2609 /* SupportFiles */ = {
			isa = PBXGroup;
			children = (
				011E1D0522D0F68C007E2609 /* AppDelegate.swift */,
				011E1D0F22D0F68E007E2609 /* Assets.xcassets */,
				011E1D1422D0F68E007E2609 /* Info.plist */,
			);
			path = SupportFiles;
			sourceTree = "<group>";
		};
/* End PBXGroup section */

/* Begin PBXNativeTarget section */
		011E1D0122D0F68C007E2609 /* 2Do */ = {
			isa = PBXNativeTarget;
			buildConfigurationList = 011E1D1722D0F68E007E2609 /* Build configuration list for PBXNativeTarget "2Do" */;
			buildPhases = (
				011E1CFE22D0F68C007E2609 /* Sources */,
				011E1CFF22D0F68C007E2609 /* Frameworks */,
				011E1D0022D0F68C007E2609 /* Resources */,
			);
			buildRules = (
			);
			dependencies = (
			);
			name = 2Do;
			productName = 2Do;
			productReference = 011E1D0222D0F68C007E2609 /* 2Do.app */;
			productType = "com.apple.product-type.application";
		};
/* End PBXNativeTarget section */

/* Begin PBXProject section */
		011E1CFA22D0F68C007E2609 /* Project object */ = {
			isa = PBXProject;
			attributes = {
				LastSwiftUpdateCheck = 1020;
				LastUpgradeCheck = 1020;
				ORGANIZATIONNAME = "Nikita Gulak";
				TargetAttributes = {
					011E1D0122D0F68C007E2609 = {
						CreatedOnToolsVersion = 10.2.1;
					};
				};
			};
			buildConfigurationList = 011E1CFD22D0F68C007E2609 /* Build configuration list for PBXProject "2Do" */;
			compatibilityVersion = "Xcode 9.3";
			developmentRegion = en;
			hasScannedForEncodings = 0;
			knownRegions = (
				en,
				Base,
			);
			mainGroup = 011E1CF922D0F68C007E2609;
			productRefGroup = 011E1D0322D0F68C007E2609 /* Products */;
			projectDirPath = "";
			projectRoot = "";
			targets = (
				011E1D0122D0F68C007E2609 /* 2Do */,
			);
		};
/* End PBXProject section */

/* Begin PBXResourcesBuildPhase section */
		011E1D0022D0F68C007E2609 /* Resources */ = {
			isa = PBXResourcesBuildPhase;
			buildActionMask = 2147483647;
			files = (
				011E1D2122D10419007E2609 /* TaskCell.xib in Resources */,
				011E1D1322D0F68E007E2609 /* LaunchScreen.storyboard in Resources */,
				011E1D1022D0F68E007E2609 /* Assets.xcassets in Resources */,
				011E1D0B22D0F68C007E2609 /* Main.storyboard in Resources */,
			);
			runOnlyForDeploymentPostprocessing = 0;
		};
/* End PBXResourcesBuildPhase section */

/* Begin PBXSourcesBuildPhase section */
		011E1CFE22D0F68C007E2609 /* Sources */ = {
			isa = PBXSourcesBuildPhase;
			buildActionMask = 2147483647;
			files = (
				011E1D2022D10419007E2609 /* TaskCell.swift in Sources */,
				011E1D0822D0F68C007E2609 /* ViewController.swift in Sources */,
				011E1D0E22D0F68C007E2609 /* _Do.xcdatamodeld in Sources */,
				01BCB1AB22D1F46A00F10A58 /* EditTaskController.swift in Sources */,
				011E1D2522D10A63007E2609 /* NewTaskController.swift in Sources */,
				011E1D2722D1257B007E2609 /* ToDoTask.swift in Sources */,
				011E1D0622D0F68C007E2609 /* AppDelegate.swift in Sources */,
			);
			runOnlyForDeploymentPostprocessing = 0;
		};
/* End PBXSourcesBuildPhase section */

/* Begin PBXVariantGroup section */
		011E1D0922D0F68C007E2609 /* Main.storyboard */ = {
			isa = PBXVariantGroup;
			children = (
				011E1D0A22D0F68C007E2609 /* Base */,
			);
			name = Main.storyboard;
			sourceTree = "<group>";
		};
		011E1D1122D0F68E007E2609 /* LaunchScreen.storyboard */ = {
			isa = PBXVariantGroup;
			children = (
				011E1D1222D0F68E007E2609 /* Base */,
			);
			name = LaunchScreen.storyboard;
			sourceTree = "<group>";
		};
/* End PBXVariantGroup section */

/* Begin XCBuildConfiguration section */
		011E1D1522D0F68E007E2609 /* Debug */ = {
			isa = XCBuildConfiguration;
			buildSettings = {
				ALWAYS_SEARCH_USER_PATHS = NO;
				CLANG_ANALYZER_NONNULL = YES;
				CLANG_ANALYZER_NUMBER_OBJECT_CONVERSION = YES_AGGRESSIVE;
				CLANG_CXX_LANGUAGE_STANDARD = "gnu++14";
				CLANG_CXX_LIBRARY = "libc++";
				CLANG_ENABLE_MODULES = YES;
				CLANG_ENABLE_OBJC_ARC = YES;
				CLANG_ENABLE_OBJC_WEAK = YES;
				CLANG_WARN_BLOCK_CAPTURE_AUTORELEASING = YES;
				CLANG_WARN_BOOL_CONVERSION = YES;
				CLANG_WARN_COMMA = YES;
				CLANG_WARN_CONSTANT_CONVERSION = YES;
				CLANG_WARN_DEPRECATED_OBJC_IMPLEMENTATIONS = YES;
				CLANG_WARN_DIRECT_OBJC_ISA_USAGE = YES_ERROR;
				CLANG_WARN_DOCUMENTATION_COMMENTS = YES;
				CLANG_WARN_EMPTY_BODY = YES;
				CLANG_WARN_ENUM_CONVERSION = YES;
				CLANG_WARN_INFINITE_RECURSION = YES;
				CLANG_WARN_INT_CONVERSION = YES;
				CLANG_WARN_NON_LITERAL_NULL_CONVERSION = YES;
				CLANG_WARN_OBJC_IMPLICIT_RETAIN_SELF = YES;
				CLANG_WARN_OBJC_LITERAL_CONVERSION = YES;
				CLANG_WARN_OBJC_ROOT_CLASS = YES_ERROR;
				CLANG_WARN_RANGE_LOOP_ANALYSIS = YES;
				CLANG_WARN_STRICT_PROTOTYPES = YES;
				CLANG_WARN_SUSPICIOUS_MOVE = YES;
				CLANG_WARN_UNGUARDED_AVAILABILITY = YES_AGGRESSIVE;
				CLANG_WARN_UNREACHABLE_CODE = YES;
				CLANG_WARN__DUPLICATE_METHOD_MATCH = YES;
				CODE_SIGN_IDENTITY = "iPhone Developer";
				COPY_PHASE_STRIP = NO;
				DEBUG_INFORMATION_FORMAT = dwarf;
				ENABLE_STRICT_OBJC_MSGSEND = YES;
				ENABLE_TESTABILITY = YES;
				GCC_C_LANGUAGE_STANDARD = gnu11;
				GCC_DYNAMIC_NO_PIC = NO;
				GCC_NO_COMMON_BLOCKS = YES;
				GCC_OPTIMIZATION_LEVEL = 0;
				GCC_PREPROCESSOR_DEFINITIONS = (
					"DEBUG=1",
					"$(inherited)",
				);
				GCC_WARN_64_TO_32_BIT_CONVERSION = YES;
				GCC_WARN_ABOUT_RETURN_TYPE = YES_ERROR;
				GCC_WARN_UNDECLARED_SELECTOR = YES;
				GCC_WARN_UNINITIALIZED_AUTOS = YES_AGGRESSIVE;
				GCC_WARN_UNUSED_FUNCTION = YES;
				GCC_WARN_UNUSED_VARIABLE = YES;
				IPHONEOS_DEPLOYMENT_TARGET = 12.2;
				MTL_ENABLE_DEBUG_INFO = INCLUDE_SOURCE;
				MTL_FAST_MATH = YES;
				ONLY_ACTIVE_ARCH = YES;
				SDKROOT = iphoneos;
				SWIFT_ACTIVE_COMPILATION_CONDITIONS = DEBUG;
				SWIFT_OPTIMIZATION_LEVEL = "-Onone";
			};
			name = Debug;
		};
		011E1D1622D0F68E007E2609 /* Release */ = {
			isa = XCBuildConfiguration;
			buildSettings = {
				ALWAYS_SEARCH_USER_PATHS = NO;
				CLANG_ANALYZER_NONNULL = YES;
				CLANG_ANALYZER_NUMBER_OBJECT_CONVERSION = YES_AGGRESSIVE;
				CLANG_CXX_LANGUAGE_STANDARD = "gnu++14";
				CLANG_CXX_LIBRARY = "libc++";
				CLANG_ENABLE_MODULES = YES;
				CLANG_ENABLE_OBJC_ARC = YES;
				CLANG_ENABLE_OBJC_WEAK = YES;
				CLANG_WARN_BLOCK_CAPTURE_AUTORELEASING = YES;
				CLANG_WARN_BOOL_CONVERSION = YES;
				CLANG_WARN_COMMA = YES;
				CLANG_WARN_CONSTANT_CONVERSION = YES;
				CLANG_WARN_DEPRECATED_OBJC_IMPLEMENTATIONS = YES;
				CLANG_WARN_DIRECT_OBJC_ISA_USAGE = YES_ERROR;
				CLANG_WARN_DOCUMENTATION_COMMENTS = YES;
				CLANG_WARN_EMPTY_BODY = YES;
				CLANG_WARN_ENUM_CONVERSION = YES;
				CLANG_WARN_INFINITE_RECURSION = YES;
				CLANG_WARN_INT_CONVERSION = YES;
				CLANG_WARN_NON_LITERAL_NULL_CONVERSION = YES;
				CLANG_WARN_OBJC_IMPLICIT_RETAIN_SELF = YES;
				CLANG_WARN_OBJC_LITERAL_CONVERSION = YES;
				CLANG_WARN_OBJC_ROOT_CLASS = YES_ERROR;
				CLANG_WARN_RANGE_LOOP_ANALYSIS = YES;
				CLANG_WARN_STRICT_PROTOTYPES = YES;
				CLANG_WARN_SUSPICIOUS_MOVE = YES;
				CLANG_WARN_UNGUARDED_AVAILABILITY = YES_AGGRESSIVE;
				CLANG_WARN_UNREACHABLE_CODE = YES;
				CLANG_WARN__DUPLICATE_METHOD_MATCH = YES;
				CODE_SIGN_IDENTITY = "iPhone Developer";
				COPY_PHASE_STRIP = NO;
				DEBUG_INFORMATION_FORMAT = "dwarf-with-dsym";
				ENABLE_NS_ASSERTIONS = NO;
				ENABLE_STRICT_OBJC_MSGSEND = YES;
				GCC_C_LANGUAGE_STANDARD = gnu11;
				GCC_NO_COMMON_BLOCKS = YES;
				GCC_WARN_64_TO_32_BIT_CONVERSION = YES;
				GCC_WARN_ABOUT_RETURN_TYPE = YES_ERROR;
				GCC_WARN_UNDECLARED_SELECTOR = YES;
				GCC_WARN_UNINITIALIZED_AUTOS = YES_AGGRESSIVE;
				GCC_WARN_UNUSED_FUNCTION = YES;
				GCC_WARN_UNUSED_VARIABLE = YES;
				IPHONEOS_DEPLOYMENT_TARGET = 12.2;
				MTL_ENABLE_DEBUG_INFO = NO;
				MTL_FAST_MATH = YES;
				SDKROOT = iphoneos;
				SWIFT_COMPILATION_MODE = wholemodule;
				SWIFT_OPTIMIZATION_LEVEL = "-O";
				VALIDATE_PRODUCT = YES;
			};
			name = Release;
		};
		011E1D1822D0F68E007E2609 /* Debug */ = {
			isa = XCBuildConfiguration;
			buildSettings = {
				ASSETCATALOG_COMPILER_APPICON_NAME = AppIcon;
				CODE_SIGN_STYLE = Automatic;
				DEVELOPMENT_TEAM = 664H2WD289;
				INFOPLIST_FILE = 2Do/SupportFiles/Info.plist;
				LD_RUNPATH_SEARCH_PATHS = (
					"$(inherited)",
					"@executable_path/Frameworks",
				);
				PRODUCT_BUNDLE_IDENTIFIER = "nikitagulak.-Do";
				PRODUCT_NAME = "$(TARGET_NAME)";
				SWIFT_VERSION = 5.0;
				TARGETED_DEVICE_FAMILY = "1,2";
			};
			name = Debug;
		};
		011E1D1922D0F68E007E2609 /* Release */ = {
			isa = XCBuildConfiguration;
			buildSettings = {
				ASSETCATALOG_COMPILER_APPICON_NAME = AppIcon;
				CODE_SIGN_STYLE = Automatic;
				DEVELOPMENT_TEAM = 664H2WD289;
				INFOPLIST_FILE = 2Do/SupportFiles/Info.plist;
				LD_RUNPATH_SEARCH_PATHS = (
					"$(inherited)",
					"@executable_path/Frameworks",
				);
				PRODUCT_BUNDLE_IDENTIFIER = "nikitagulak.-Do";
				PRODUCT_NAME = "$(TARGET_NAME)";
				SWIFT_VERSION = 5.0;
				TARGETED_DEVICE_FAMILY = "1,2";
			};
			name = Release;
		};
/* End XCBuildConfiguration section */

/* Begin XCConfigurationList section */
		011E1CFD22D0F68C007E2609 /* Build configuration list for PBXProject "2Do" */ = {
			isa = XCConfigurationList;
			buildConfigurations = (
				011E1D1522D0F68E007E2609 /* Debug */,
				011E1D1622D0F68E007E2609 /* Release */,
			);
			defaultConfigurationIsVisible = 0;
			defaultConfigurationName = Release;
		};
		011E1D1722D0F68E007E2609 /* Build configuration list for PBXNativeTarget "2Do" */ = {
			isa = XCConfigurationList;
			buildConfigurations = (
				011E1D1822D0F68E007E2609 /* Debug */,
				011E1D1922D0F68E007E2609 /* Release */,
			);
			defaultConfigurationIsVisible = 0;
			defaultConfigurationName = Release;
		};
/* End XCConfigurationList section */

/* Begin XCVersionGroup section */
		011E1D0C22D0F68C007E2609 /* _Do.xcdatamodeld */ = {
			isa = XCVersionGroup;
			children = (
				011E1D0D22D0F68C007E2609 /* _Do.xcdatamodel */,
			);
			currentVersion = 011E1D0D22D0F68C007E2609 /* _Do.xcdatamodel */;
			path = _Do.xcdatamodeld;
			sourceTree = "<group>";
			versionGroupType = wrapper.xcdatamodel;
		};
/* End XCVersionGroup section */
	};
	rootObject = 011E1CFA22D0F68C007E2609 /* Project object */;
}
